
Microsoft Visual Studio Solution File, Format Version 12.00
# Visual Studio Version 17
VisualStudioVersion = 17.9.34701.34
MinimumVisualStudioVersion = 10.0.40219.1
Project("{9A19103F-16F7-4668-BE54-9A1E7A4F7556}") = "OsuScoreCheck", "OsuScoreCheck\OsuScoreCheck.csproj", "{D5C02EB2-60FD-450A-AAF6-2E65CAE8D048}"
EndProject
Global
	GlobalSection(SolutionConfigurationPlatforms) = preSolution
		Debug|Any CPU = Debug|Any CPU
		Debug|x64 = Debug|x64
		Release|Any CPU = Release|Any CPU
		Release|x64 = Release|x64
	EndGlobalSection
	GlobalSection(ProjectConfigurationPlatforms) = postSolution
		{D5C02EB2-60FD-450A-AAF6-2E65CAE8D048}.Debug|Any CPU.ActiveCfg = Debug|Any CPU
		{D5C02EB2-60FD-450A-AAF6-2E65CAE8D048}.Debug|Any CPU.Build.0 = Debug|Any CPU
		{D5C02EB2-60FD-450A-AAF6-2E65CAE8D048}.Debug|x64.ActiveCfg = Debug|Any CPU
		{D5C02EB2-60FD-450A-AAF6-2E65CAE8D048}.Release|Any CPU.ActiveCfg = Release|Any CPU
		{D5C02EB2-60FD-450A-AAF6-2E65CAE8D048}.Release|Any CPU.Build.0 = Release|Any CPU
		{D5C02EB2-60FD-450A-AAF6-2E65CAE8D048}.Release|x64.ActiveCfg = Release|Any CPU
	EndGlobalSection
	GlobalSection(SolutionProperties) = preSolution
		HideSolutionNode = FALSE
	EndGlobalSection
	GlobalSection(ExtensibilityGlobals) = postSolution
		SolutionGuid = {0520182C-965E-4B00-A73B-5458B402DA66}
	EndGlobalSection
EndGlobal
